
Microsoft Visual Studio Solution File, Format Version 12.00
# Visual Studio Version 17
VisualStudioVersion = 17.3.32901.215
MinimumVisualStudioVersion = 10.0.40219.1
Project("{FAE04EC0-301F-11D3-BF4B-00C04F79EFBC}") = "Bogosort", "Bogosort.csproj", "{8F0F98FD-70CE-494C-9CE0-C6D30AA8A912}"
EndProject
Project("{FAE04EC0-301F-11D3-BF4B-00C04F79EFBC}") = "ShakerSort", "ShakerSort\ShakerSort.csproj", "{61AB9EEA-3460-46E6-A78C-0C6BB46D0F0A}"
EndProject
Project("{FAE04EC0-301F-11D3-BF4B-00C04F79EFBC}") = "InsertionSort", "InsertionSort\InsertionSort.csproj", "{FF73F3EC-88F9-40E8-8A6A-36B36700A821}"
EndProject
Project("{FAE04EC0-301F-11D3-BF4B-00C04F79EFBC}") = "StoogeSort", "StoogeSort\StoogeSort.csproj", "{C994A524-6F99-4786-8A1A-0830A248BE59}"
EndProject
Project("{FAE04EC0-301F-11D3-BF4B-00C04F79EFBC}") = "PancakeSort", "ConsoleApp1\PancakeSort.csproj", "{126F6BFA-F485-45C0-A26F-785F80877184}"
EndProject
Project("{FAE04EC0-301F-11D3-BF4B-00C04F79EFBC}") = "Bubblesort", "Bubblesort\Bubblesort.csproj", "{B84B99DE-326E-4750-826B-B469B1C03254}"
EndProject
Project("{FAE04EC0-301F-11D3-BF4B-00C04F79EFBC}") = "Shellsort", "Shellsort\Shellsort.csproj", "{86A180A5-A77C-4A40-BA33-AF77D5CA7B68}"
EndProject
Project("{FAE04EC0-301F-11D3-BF4B-00C04F79EFBC}") = "Mergesort", "Mergesort\Mergesort.csproj", "{985EB9C2-C49C-49E0-A115-64E5AFD556BE}"
EndProject
Global
	GlobalSection(SolutionConfigurationPlatforms) = preSolution
		Debug|Any CPU = Debug|Any CPU
		Release|Any CPU = Release|Any CPU
	EndGlobalSection
	GlobalSection(ProjectConfigurationPlatforms) = postSolution
		{8F0F98FD-70CE-494C-9CE0-C6D30AA8A912}.Debug|Any CPU.ActiveCfg = Debug|Any CPU
		{8F0F98FD-70CE-494C-9CE0-C6D30AA8A912}.Debug|Any CPU.Build.0 = Debug|Any CPU
		{8F0F98FD-70CE-494C-9CE0-C6D30AA8A912}.Release|Any CPU.ActiveCfg = Release|Any CPU
		{8F0F98FD-70CE-494C-9CE0-C6D30AA8A912}.Release|Any CPU.Build.0 = Release|Any CPU
		{61AB9EEA-3460-46E6-A78C-0C6BB46D0F0A}.Debug|Any CPU.ActiveCfg = Debug|Any CPU
		{61AB9EEA-3460-46E6-A78C-0C6BB46D0F0A}.Debug|Any CPU.Build.0 = Debug|Any CPU
		{61AB9EEA-3460-46E6-A78C-0C6BB46D0F0A}.Release|Any CPU.ActiveCfg = Release|Any CPU
		{61AB9EEA-3460-46E6-A78C-0C6BB46D0F0A}.Release|Any CPU.Build.0 = Release|Any CPU
		{FF73F3EC-88F9-40E8-8A6A-36B36700A821}.Debug|Any CPU.ActiveCfg = Debug|Any CPU
		{FF73F3EC-88F9-40E8-8A6A-36B36700A821}.Debug|Any CPU.Build.0 = Debug|Any CPU
		{FF73F3EC-88F9-40E8-8A6A-36B36700A821}.Release|Any CPU.ActiveCfg = Release|Any CPU
		{FF73F3EC-88F9-40E8-8A6A-36B36700A821}.Release|Any CPU.Build.0 = Release|Any CPU
		{C994A524-6F99-4786-8A1A-0830A248BE59}.Debug|Any CPU.ActiveCfg = Debug|Any CPU
		{C994A524-6F99-4786-8A1A-0830A248BE59}.Debug|Any CPU.Build.0 = Debug|Any CPU
		{C994A524-6F99-4786-8A1A-0830A248BE59}.Release|Any CPU.ActiveCfg = Release|Any CPU
		{C994A524-6F99-4786-8A1A-0830A248BE59}.Release|Any CPU.Build.0 = Release|Any CPU
		{126F6BFA-F485-45C0-A26F-785F80877184}.Debug|Any CPU.ActiveCfg = Debug|Any CPU
		{126F6BFA-F485-45C0-A26F-785F80877184}.Debug|Any CPU.Build.0 = Debug|Any CPU
		{126F6BFA-F485-45C0-A26F-785F80877184}.Release|Any CPU.ActiveCfg = Release|Any CPU
		{126F6BFA-F485-45C0-A26F-785F80877184}.Release|Any CPU.Build.0 = Release|Any CPU
		{B84B99DE-326E-4750-826B-B469B1C03254}.Debug|Any CPU.ActiveCfg = Debug|Any CPU
		{B84B99DE-326E-4750-826B-B469B1C03254}.Debug|Any CPU.Build.0 = Debug|Any CPU
		{B84B99DE-326E-4750-826B-B469B1C03254}.Release|Any CPU.ActiveCfg = Release|Any CPU
		{B84B99DE-326E-4750-826B-B469B1C03254}.Release|Any CPU.Build.0 = Release|Any CPU
		{86A180A5-A77C-4A40-BA33-AF77D5CA7B68}.Debug|Any CPU.ActiveCfg = Debug|Any CPU
		{86A180A5-A77C-4A40-BA33-AF77D5CA7B68}.Debug|Any CPU.Build.0 = Debug|Any CPU
		{86A180A5-A77C-4A40-BA33-AF77D5CA7B68}.Release|Any CPU.ActiveCfg = Release|Any CPU
		{86A180A5-A77C-4A40-BA33-AF77D5CA7B68}.Release|Any CPU.Build.0 = Release|Any CPU
		{985EB9C2-C49C-49E0-A115-64E5AFD556BE}.Debug|Any CPU.ActiveCfg = Debug|Any CPU
		{985EB9C2-C49C-49E0-A115-64E5AFD556BE}.Debug|Any CPU.Build.0 = Debug|Any CPU
		{985EB9C2-C49C-49E0-A115-64E5AFD556BE}.Release|Any CPU.ActiveCfg = Release|Any CPU
		{985EB9C2-C49C-49E0-A115-64E5AFD556BE}.Release|Any CPU.Build.0 = Release|Any CPU
	EndGlobalSection
	GlobalSection(SolutionProperties) = preSolution
		HideSolutionNode = FALSE
	EndGlobalSection
	GlobalSection(ExtensibilityGlobals) = postSolution
		SolutionGuid = {E83EC432-6931-40A9-81DC-8A1B287BD750}
	EndGlobalSection
EndGlobal
